# THIS IS AN AUTOGENERATED FILE. DO NOT EDIT THIS FILE DIRECTLY.
# yarn lockfile v1


vee-validate@^4.4.5:
  version "4.4.5"
  resolved "https://registry.yarnpkg.com/vee-validate/-/vee-validate-4.4.5.tgz#6e3db8266620d085835b8003ec088677fd3accf8"
  integrity sha512-rewjEOZEPmUGWOnAKW3/HzRWLl9AHz4ESdcPoWLtA5RW0mnKOLfXlLre1Wrw0FopJlzN1Hc93GU4ji/3Kx1RPw==
